<?xml version="1.0" encoding="utf-8"?>
<Project ToolsVersion="4.0" xmlns="http://schemas.microsoft.com/developer/msbuild/2003">
  <ItemGroup>
    <Filter Include="Source Files">
      <UniqueIdentifier>{4FC737F1-C7A5-4376-A066-2A32D752A2FF}</UniqueIdentifier>
      <Extensions>cpp;c;cc;cxx;def;odl;idl;hpj;bat;asm;asmx</Extensions>
    </Filter>
    <Filter Include="Header Files">
      <UniqueIdentifier>{93995380-89BD-4b04-88EB-625FBE52EBFB}</UniqueIdentifier>
      <Extensions>h;hh;hpp;hxx;hm;inl;inc;ipp;xsd</Extensions>
    </Filter>
    <Filter Include="Resource Files">
      <UniqueIdentifier>{67DA6AB6-F800-4c08-8B7A-83BB121AAD01}</UniqueIdentifier>
      <Extensions>rc;ico;cur;bmp;dlg;rc2;rct;bin;rgs;gif;jpg;jpeg;jpe;resx;tiff;tif;png;wav;mfcribbon-ms</Extensions>
    </Filter>
    <Filter Include="Header Files\graph">
      <UniqueIdentifier>{2c47e7c2-d425-4d3c-b591-0a8440e40598}</UniqueIdentifier>
    </Filter>
    <Filter Include="Source Files\graph">
      <UniqueIdentifier>{0589b8e6-ff82-4057-903e-5c51be261f6d}</UniqueIdentifier>
    </Filter>
    <Filter Include="Header Files\clique">
      <UniqueIdentifier>{fe455fb4-acdd-473b-93ba-de92241b8e2f}</UniqueIdentifier>
    </Filter>
    <Filter Include="Source Files\clique">
      <UniqueIdentifier>{d9a31364-a339-47b3-8a96-f1640d14be06}</UniqueIdentifier>
    </Filter>
    <Filter Include="Header Files\coloring">
      <UniqueIdentifier>{c80b875e-233f-410f-81af-069d6db3a58c}</UniqueIdentifier>
    </Filter>
    <Filter Include="Source Files\coloring">
      <UniqueIdentifier>{8efe05b6-f2fa-42e3-9e3f-24e0073336d3}</UniqueIdentifier>
    </Filter>
  </ItemGroup>
  <ItemGroup>
    <ClInclude Include="extended_bipartite_graph.hpp">
      <Filter>Header Files\graph</Filter>
    </ClInclude>
    <ClInclude Include="bipartite_graph.hpp">
      <Filter>Header Files\graph</Filter>
    </ClInclude>
    <ClInclude Include="bron_kerbosch.hpp">
      <Filter>Header Files\clique</Filter>
    </ClInclude>
    <ClInclude Include="ostergard.hpp">
      <Filter>Header Files\clique</Filter>
    </ClInclude>
    <ClInclude Include="graph_base.hpp">
      <Filter>Header Files\graph</Filter>
    </ClInclude>
    <ClInclude Include="simple_graph.hpp">
      <Filter>Header Files\graph</Filter>
    </ClInclude>
    <ClInclude Include="iterated_greedy_with_dsatur.hpp">
      <Filter>Header Files\coloring</Filter>
    </ClInclude>
  </ItemGroup>
  <ItemGroup>
    <ClCompile Include="main.cpp">
      <Filter>Source Files</Filter>
    </ClCompile>
    <ClCompile Include="extended_bipartite_graph.cpp">
      <Filter>Source Files\graph</Filter>
    </ClCompile>
    <ClCompile Include="graph_base.cpp">
      <Filter>Source Files\graph</Filter>
    </ClCompile>
    <ClCompile Include="bipartite_graph.cpp">
      <Filter>Source Files\graph</Filter>
    </ClCompile>
    <ClCompile Include="ostergard.cpp">
      <Filter>Source Files\clique</Filter>
    </ClCompile>
    <ClCompile Include="bron_kerbosch.cpp">
      <Filter>Source Files\clique</Filter>
    </ClCompile>
    <ClCompile Include="simple_graph.cpp">
      <Filter>Source Files\graph</Filter>
    </ClCompile>
    <ClCompile Include="iterated_greedy_with_dsatur.cpp">
      <Filter>Source Files\coloring</Filter>
    </ClCompile>
  </ItemGroup>
</Project>